{
  "name": "rest-countries-api",
  "version": "1.0.0",
  "lockfileVersion": 1,
  "requires": true,
  "dependencies": {
    "esbuild": {
      "version": "0.8.14",
      "resolved": "https://registry.npmjs.org/esbuild/-/esbuild-0.8.14.tgz",
      "integrity": "sha512-oeG0jVfG1KXM8ulwaq6Apt2STyXvOQHdHOTkN+HfNCMnXlBk4cscA0ZI5cvzVDKaBSJ0Fs6taxanqPJHvcxfIw=="
    }
  }
}
